
Microsoft Visual Studio Solution File, Format Version 12.00
# Visual Studio Version 17
VisualStudioVersion = 17.4.33205.214
MinimumVisualStudioVersion = 10.0.40219.1
Project("{2150E333-8FDC-42A3-9474-1A3956D46DE8}") = "01 Kintamieji", "01 Kintamieji", "{77F1D1C9-6A3B-4EF1-9415-4D11F9FDBB8F}"
EndProject
Project("{2150E333-8FDC-42A3-9474-1A3956D46DE8}") = "02 Isvedimas", "02 Isvedimas", "{5A0E4CE4-278C-4299-8DB8-A841EC6566C4}"
EndProject
Project("{FAE04EC0-301F-11D3-BF4B-00C04F79EFBC}") = "DemoKintamieji", "DemoKintamieji\DemoKintamieji.csproj", "{F2093407-40DF-4061-AE5F-BA9D24827102}"
EndProject
Project("{FAE04EC0-301F-11D3-BF4B-00C04F79EFBC}") = "DemoIsvedimas", "DemoIsvedimas\DemoIsvedimas.csproj", "{26499EF4-C425-496D-92A8-E83F260FFED8}"
EndProject
Project("{2150E333-8FDC-42A3-9474-1A3956D46DE8}") = "03 Aritmetiniai Veiksmai", "03 Aritmetiniai Veiksmai", "{E06154AF-36A7-4078-A5EC-8D17DEB98C26}"
EndProject
Project("{FAE04EC0-301F-11D3-BF4B-00C04F79EFBC}") = "DemoAritmetiniaiVeiksmai", "DemoAritmetiniaiVeiksmai\DemoAritmetiniaiVeiksmai.csproj", "{ADF83027-D15A-4F9C-A5C8-2A9172DFFD01}"
EndProject
Project("{2150E333-8FDC-42A3-9474-1A3956D46DE8}") = "04 Ivedimas", "04 Ivedimas", "{AF6221A9-2A5B-43AD-8000-4A2A675606C8}"
EndProject
Project("{FAE04EC0-301F-11D3-BF4B-00C04F79EFBC}") = "DemoIvedimas", "DemoIvedimas\DemoIvedimas.csproj", "{B312E924-40AC-485C-808E-5B945D4B625B}"
EndProject
Project("{2150E333-8FDC-42A3-9474-1A3956D46DE8}") = "05 If Salyga", "05 If Salyga", "{53AF2C0A-45C5-4814-9493-56A2B0419EAE}"
EndProject
Project("{FAE04EC0-301F-11D3-BF4B-00C04F79EFBC}") = "DemoIfSalyga", "DemoIfSalyga\DemoIfSalyga.csproj", "{6D95F025-CE8D-497F-A9BF-53C3CF4065F8}"
EndProject
Project("{2150E333-8FDC-42A3-9474-1A3956D46DE8}") = "06 Switch Sąlyga", "06 Switch Sąlyga", "{7872EC8B-C798-490D-8271-6BE193DA9EB9}"
EndProject
Project("{FAE04EC0-301F-11D3-BF4B-00C04F79EFBC}") = "DemoSwitch", "DemoSwitch\DemoSwitch.csproj", "{C4CB1634-7A45-4018-A8D0-7536F7F3697E}"
EndProject
Project("{2150E333-8FDC-42A3-9474-1A3956D46DE8}") = "07 For Ciklas", "07 For Ciklas", "{50C945BA-3378-474B-AEE3-595C1FD0E537}"
EndProject
Project("{FAE04EC0-301F-11D3-BF4B-00C04F79EFBC}") = "DemoForCiklas", "DemoForCiklas\DemoForCiklas.csproj", "{3F3B1D11-AC29-437D-B2F7-051ECAACF3F0}"
EndProject
Project("{FAE04EC0-301F-11D3-BF4B-00C04F79EFBC}") = "Uzduotis01", "Uzduotis01\Uzduotis01.csproj", "{BB01596F-6D9F-4A81-BFA4-40A5A4AC479B}"
EndProject
Project("{FAE04EC0-301F-11D3-BF4B-00C04F79EFBC}") = "Uzduotis02", "Uzduotis02\Uzduotis02.csproj", "{7EC9BCF0-C2CF-4ABE-9BAE-D1818EBB9309}"
EndProject
Project("{FAE04EC0-301F-11D3-BF4B-00C04F79EFBC}") = "Uzduotis03", "Uzduotis03\Uzduotis03.csproj", "{1BF68FCC-3AB7-4B8B-9C44-019238868A0A}"
EndProject
Project("{FAE04EC0-301F-11D3-BF4B-00C04F79EFBC}") = "Uzduotis04", "Uzduotis04\Uzduotis04.csproj", "{B9A5C61D-938C-4AB8-9905-16D6C26D3E3A}"
EndProject
Project("{FAE04EC0-301F-11D3-BF4B-00C04F79EFBC}") = "Uzduotis05", "Uzduotis05\Uzduotis05.csproj", "{F45E5B95-EB58-464A-9F77-E1E4804D6748}"
EndProject
Project("{FAE04EC0-301F-11D3-BF4B-00C04F79EFBC}") = "Uzduotis06", "Uzduotis06\Uzduotis06.csproj", "{C21F1C70-3462-4FD4-8860-0D934C0F6B55}"
EndProject
Project("{FAE04EC0-301F-11D3-BF4B-00C04F79EFBC}") = "Uzduotis07", "Uzduotis07\Uzduotis07.csproj", "{F1BC3355-5A87-4DD5-8E3F-4F70A40B76D0}"
EndProject
Project("{FAE04EC0-301F-11D3-BF4B-00C04F79EFBC}") = "Uzduotis08", "Uzduotis08\Uzduotis08.csproj", "{14588E60-DA35-4335-BEEB-2915DB0DA52B}"
EndProject
Project("{FAE04EC0-301F-11D3-BF4B-00C04F79EFBC}") = "Uzduotis09", "Uzduotis09\Uzduotis09.csproj", "{214FF223-14EC-4C76-B8D1-913591B9CE0B}"
EndProject
Project("{FAE04EC0-301F-11D3-BF4B-00C04F79EFBC}") = "Uzduotis10", "Uzduotis10\Uzduotis10.csproj", "{247BE292-0473-4C74-9B6A-B9C4D320FD29}"
EndProject
Project("{FAE04EC0-301F-11D3-BF4B-00C04F79EFBC}") = "Uzduotis11", "Uzduotis11\Uzduotis11.csproj", "{0BC59ED9-6752-4602-AD9F-7C52C4BB2D34}"
EndProject
Project("{FAE04EC0-301F-11D3-BF4B-00C04F79EFBC}") = "Uzduotis12", "Uzduotis12\Uzduotis12.csproj", "{BDDC8793-068B-49A9-B7CB-97DC70E14131}"
EndProject
Project("{FAE04EC0-301F-11D3-BF4B-00C04F79EFBC}") = "Uzduotis13", "Uzduotis13\Uzduotis13.csproj", "{5FB4FF9B-5D9A-45B8-B2E9-61935EC1BC49}"
EndProject
Project("{FAE04EC0-301F-11D3-BF4B-00C04F79EFBC}") = "Uzduotis14", "Uzduotis14\Uzduotis14.csproj", "{D0237097-2354-45C4-BA3C-CB0063189BDD}"
EndProject
Project("{FAE04EC0-301F-11D3-BF4B-00C04F79EFBC}") = "Uzduotis15", "Uzduotis15\Uzduotis15.csproj", "{B00BDBB8-850A-463F-9C87-512FDC10903B}"
EndProject
Project("{FAE04EC0-301F-11D3-BF4B-00C04F79EFBC}") = "Uzduotis16", "Uzduotis16\Uzduotis16.csproj", "{BB53F80F-0F26-459C-A794-3E83AB5B25BC}"
EndProject
Project("{2150E333-8FDC-42A3-9474-1A3956D46DE8}") = "08 While Ciklas", "08 While Ciklas", "{B45FAE29-69E7-4EA0-8B35-04B7D4215F84}"
EndProject
Project("{FAE04EC0-301F-11D3-BF4B-00C04F79EFBC}") = "DemoWhile", "DemoWhile\DemoWhile.csproj", "{11665B66-E657-402A-9511-06F9CDAE0B40}"
EndProject
Project("{2150E333-8FDC-42A3-9474-1A3956D46DE8}") = "09 Masyvai", "09 Masyvai", "{03ED4196-3DEA-4E2E-8DD5-135DFD594B89}"
EndProject
Project("{FAE04EC0-301F-11D3-BF4B-00C04F79EFBC}") = "DemoMasyvai", "DemoMasyvai\DemoMasyvai.csproj", "{38E6BC8B-7051-462B-9FD4-6DFC195FC0C2}"
EndProject
Project("{2150E333-8FDC-42A3-9474-1A3956D46DE8}") = "10 Sarasai", "10 Sarasai", "{BB2BA45C-4CBB-4A3C-B74F-3F9CD784DE81}"
EndProject
Project("{FAE04EC0-301F-11D3-BF4B-00C04F79EFBC}") = "DemoSarasai", "DemoSarasai\DemoSarasai.csproj", "{2BDE26CA-3D66-4BD3-8E11-FC72A81A9E0D}"
EndProject
Global
	GlobalSection(SolutionConfigurationPlatforms) = preSolution
		Debug|Any CPU = Debug|Any CPU
		Release|Any CPU = Release|Any CPU
	EndGlobalSection
	GlobalSection(ProjectConfigurationPlatforms) = postSolution
		{F2093407-40DF-4061-AE5F-BA9D24827102}.Debug|Any CPU.ActiveCfg = Debug|Any CPU
		{F2093407-40DF-4061-AE5F-BA9D24827102}.Debug|Any CPU.Build.0 = Debug|Any CPU
		{F2093407-40DF-4061-AE5F-BA9D24827102}.Release|Any CPU.ActiveCfg = Release|Any CPU
		{F2093407-40DF-4061-AE5F-BA9D24827102}.Release|Any CPU.Build.0 = Release|Any CPU
		{26499EF4-C425-496D-92A8-E83F260FFED8}.Debug|Any CPU.ActiveCfg = Debug|Any CPU
		{26499EF4-C425-496D-92A8-E83F260FFED8}.Debug|Any CPU.Build.0 = Debug|Any CPU
		{26499EF4-C425-496D-92A8-E83F260FFED8}.Release|Any CPU.ActiveCfg = Release|Any CPU
		{26499EF4-C425-496D-92A8-E83F260FFED8}.Release|Any CPU.Build.0 = Release|Any CPU
		{ADF83027-D15A-4F9C-A5C8-2A9172DFFD01}.Debug|Any CPU.ActiveCfg = Debug|Any CPU
		{ADF83027-D15A-4F9C-A5C8-2A9172DFFD01}.Debug|Any CPU.Build.0 = Debug|Any CPU
		{ADF83027-D15A-4F9C-A5C8-2A9172DFFD01}.Release|Any CPU.ActiveCfg = Release|Any CPU
		{ADF83027-D15A-4F9C-A5C8-2A9172DFFD01}.Release|Any CPU.Build.0 = Release|Any CPU
		{B312E924-40AC-485C-808E-5B945D4B625B}.Debug|Any CPU.ActiveCfg = Debug|Any CPU
		{B312E924-40AC-485C-808E-5B945D4B625B}.Debug|Any CPU.Build.0 = Debug|Any CPU
		{B312E924-40AC-485C-808E-5B945D4B625B}.Release|Any CPU.ActiveCfg = Release|Any CPU
		{B312E924-40AC-485C-808E-5B945D4B625B}.Release|Any CPU.Build.0 = Release|Any CPU
		{6D95F025-CE8D-497F-A9BF-53C3CF4065F8}.Debug|Any CPU.ActiveCfg = Debug|Any CPU
		{6D95F025-CE8D-497F-A9BF-53C3CF4065F8}.Debug|Any CPU.Build.0 = Debug|Any CPU
		{6D95F025-CE8D-497F-A9BF-53C3CF4065F8}.Release|Any CPU.ActiveCfg = Release|Any CPU
		{6D95F025-CE8D-497F-A9BF-53C3CF4065F8}.Release|Any CPU.Build.0 = Release|Any CPU
		{C4CB1634-7A45-4018-A8D0-7536F7F3697E}.Debug|Any CPU.ActiveCfg = Debug|Any CPU
		{C4CB1634-7A45-4018-A8D0-7536F7F3697E}.Debug|Any CPU.Build.0 = Debug|Any CPU
		{C4CB1634-7A45-4018-A8D0-7536F7F3697E}.Release|Any CPU.ActiveCfg = Release|Any CPU
		{C4CB1634-7A45-4018-A8D0-7536F7F3697E}.Release|Any CPU.Build.0 = Release|Any CPU
		{3F3B1D11-AC29-437D-B2F7-051ECAACF3F0}.Debug|Any CPU.ActiveCfg = Debug|Any CPU
		{3F3B1D11-AC29-437D-B2F7-051ECAACF3F0}.Debug|Any CPU.Build.0 = Debug|Any CPU
		{3F3B1D11-AC29-437D-B2F7-051ECAACF3F0}.Release|Any CPU.ActiveCfg = Release|Any CPU
		{3F3B1D11-AC29-437D-B2F7-051ECAACF3F0}.Release|Any CPU.Build.0 = Release|Any CPU
		{BB01596F-6D9F-4A81-BFA4-40A5A4AC479B}.Debug|Any CPU.ActiveCfg = Debug|Any CPU
		{BB01596F-6D9F-4A81-BFA4-40A5A4AC479B}.Debug|Any CPU.Build.0 = Debug|Any CPU
		{BB01596F-6D9F-4A81-BFA4-40A5A4AC479B}.Release|Any CPU.ActiveCfg = Release|Any CPU
		{BB01596F-6D9F-4A81-BFA4-40A5A4AC479B}.Release|Any CPU.Build.0 = Release|Any CPU
		{7EC9BCF0-C2CF-4ABE-9BAE-D1818EBB9309}.Debug|Any CPU.ActiveCfg = Debug|Any CPU
		{7EC9BCF0-C2CF-4ABE-9BAE-D1818EBB9309}.Debug|Any CPU.Build.0 = Debug|Any CPU
		{7EC9BCF0-C2CF-4ABE-9BAE-D1818EBB9309}.Release|Any CPU.ActiveCfg = Release|Any CPU
		{7EC9BCF0-C2CF-4ABE-9BAE-D1818EBB9309}.Release|Any CPU.Build.0 = Release|Any CPU
		{1BF68FCC-3AB7-4B8B-9C44-019238868A0A}.Debug|Any CPU.ActiveCfg = Debug|Any CPU
		{1BF68FCC-3AB7-4B8B-9C44-019238868A0A}.Debug|Any CPU.Build.0 = Debug|Any CPU
		{1BF68FCC-3AB7-4B8B-9C44-019238868A0A}.Release|Any CPU.ActiveCfg = Release|Any CPU
		{1BF68FCC-3AB7-4B8B-9C44-019238868A0A}.Release|Any CPU.Build.0 = Release|Any CPU
		{B9A5C61D-938C-4AB8-9905-16D6C26D3E3A}.Debug|Any CPU.ActiveCfg = Debug|Any CPU
		{B9A5C61D-938C-4AB8-9905-16D6C26D3E3A}.Debug|Any CPU.Build.0 = Debug|Any CPU
		{B9A5C61D-938C-4AB8-9905-16D6C26D3E3A}.Release|Any CPU.ActiveCfg = Release|Any CPU
		{B9A5C61D-938C-4AB8-9905-16D6C26D3E3A}.Release|Any CPU.Build.0 = Release|Any CPU
		{F45E5B95-EB58-464A-9F77-E1E4804D6748}.Debug|Any CPU.ActiveCfg = Debug|Any CPU
		{F45E5B95-EB58-464A-9F77-E1E4804D6748}.Debug|Any CPU.Build.0 = Debug|Any CPU
		{F45E5B95-EB58-464A-9F77-E1E4804D6748}.Release|Any CPU.ActiveCfg = Release|Any CPU
		{F45E5B95-EB58-464A-9F77-E1E4804D6748}.Release|Any CPU.Build.0 = Release|Any CPU
		{C21F1C70-3462-4FD4-8860-0D934C0F6B55}.Debug|Any CPU.ActiveCfg = Debug|Any CPU
		{C21F1C70-3462-4FD4-8860-0D934C0F6B55}.Debug|Any CPU.Build.0 = Debug|Any CPU
		{C21F1C70-3462-4FD4-8860-0D934C0F6B55}.Release|Any CPU.ActiveCfg = Release|Any CPU
		{C21F1C70-3462-4FD4-8860-0D934C0F6B55}.Release|Any CPU.Build.0 = Release|Any CPU
		{F1BC3355-5A87-4DD5-8E3F-4F70A40B76D0}.Debug|Any CPU.ActiveCfg = Debug|Any CPU
		{F1BC3355-5A87-4DD5-8E3F-4F70A40B76D0}.Debug|Any CPU.Build.0 = Debug|Any CPU
		{F1BC3355-5A87-4DD5-8E3F-4F70A40B76D0}.Release|Any CPU.ActiveCfg = Release|Any CPU
		{F1BC3355-5A87-4DD5-8E3F-4F70A40B76D0}.Release|Any CPU.Build.0 = Release|Any CPU
		{14588E60-DA35-4335-BEEB-2915DB0DA52B}.Debug|Any CPU.ActiveCfg = Debug|Any CPU
		{14588E60-DA35-4335-BEEB-2915DB0DA52B}.Debug|Any CPU.Build.0 = Debug|Any CPU
		{14588E60-DA35-4335-BEEB-2915DB0DA52B}.Release|Any CPU.ActiveCfg = Release|Any CPU
		{14588E60-DA35-4335-BEEB-2915DB0DA52B}.Release|Any CPU.Build.0 = Release|Any CPU
		{214FF223-14EC-4C76-B8D1-913591B9CE0B}.Debug|Any CPU.ActiveCfg = Debug|Any CPU
		{214FF223-14EC-4C76-B8D1-913591B9CE0B}.Debug|Any CPU.Build.0 = Debug|Any CPU
		{214FF223-14EC-4C76-B8D1-913591B9CE0B}.Release|Any CPU.ActiveCfg = Release|Any CPU
		{214FF223-14EC-4C76-B8D1-913591B9CE0B}.Release|Any CPU.Build.0 = Release|Any CPU
		{247BE292-0473-4C74-9B6A-B9C4D320FD29}.Debug|Any CPU.ActiveCfg = Debug|Any CPU
		{247BE292-0473-4C74-9B6A-B9C4D320FD29}.Debug|Any CPU.Build.0 = Debug|Any CPU
		{247BE292-0473-4C74-9B6A-B9C4D320FD29}.Release|Any CPU.ActiveCfg = Release|Any CPU
		{247BE292-0473-4C74-9B6A-B9C4D320FD29}.Release|Any CPU.Build.0 = Release|Any CPU
		{0BC59ED9-6752-4602-AD9F-7C52C4BB2D34}.Debug|Any CPU.ActiveCfg = Debug|Any CPU
		{0BC59ED9-6752-4602-AD9F-7C52C4BB2D34}.Debug|Any CPU.Build.0 = Debug|Any CPU
		{0BC59ED9-6752-4602-AD9F-7C52C4BB2D34}.Release|Any CPU.ActiveCfg = Release|Any CPU
		{0BC59ED9-6752-4602-AD9F-7C52C4BB2D34}.Release|Any CPU.Build.0 = Release|Any CPU
		{BDDC8793-068B-49A9-B7CB-97DC70E14131}.Debug|Any CPU.ActiveCfg = Debug|Any CPU
		{BDDC8793-068B-49A9-B7CB-97DC70E14131}.Debug|Any CPU.Build.0 = Debug|Any CPU
		{BDDC8793-068B-49A9-B7CB-97DC70E14131}.Release|Any CPU.ActiveCfg = Release|Any CPU
		{BDDC8793-068B-49A9-B7CB-97DC70E14131}.Release|Any CPU.Build.0 = Release|Any CPU
		{5FB4FF9B-5D9A-45B8-B2E9-61935EC1BC49}.Debug|Any CPU.ActiveCfg = Debug|Any CPU
		{5FB4FF9B-5D9A-45B8-B2E9-61935EC1BC49}.Debug|Any CPU.Build.0 = Debug|Any CPU
		{5FB4FF9B-5D9A-45B8-B2E9-61935EC1BC49}.Release|Any CPU.ActiveCfg = Release|Any CPU
		{5FB4FF9B-5D9A-45B8-B2E9-61935EC1BC49}.Release|Any CPU.Build.0 = Release|Any CPU
		{D0237097-2354-45C4-BA3C-CB0063189BDD}.Debug|Any CPU.ActiveCfg = Debug|Any CPU
		{D0237097-2354-45C4-BA3C-CB0063189BDD}.Debug|Any CPU.Build.0 = Debug|Any CPU
		{D0237097-2354-45C4-BA3C-CB0063189BDD}.Release|Any CPU.ActiveCfg = Release|Any CPU
		{D0237097-2354-45C4-BA3C-CB0063189BDD}.Release|Any CPU.Build.0 = Release|Any CPU
		{B00BDBB8-850A-463F-9C87-512FDC10903B}.Debug|Any CPU.ActiveCfg = Debug|Any CPU
		{B00BDBB8-850A-463F-9C87-512FDC10903B}.Debug|Any CPU.Build.0 = Debug|Any CPU
		{B00BDBB8-850A-463F-9C87-512FDC10903B}.Release|Any CPU.ActiveCfg = Release|Any CPU
		{B00BDBB8-850A-463F-9C87-512FDC10903B}.Release|Any CPU.Build.0 = Release|Any CPU
		{BB53F80F-0F26-459C-A794-3E83AB5B25BC}.Debug|Any CPU.ActiveCfg = Debug|Any CPU
		{BB53F80F-0F26-459C-A794-3E83AB5B25BC}.Debug|Any CPU.Build.0 = Debug|Any CPU
		{BB53F80F-0F26-459C-A794-3E83AB5B25BC}.Release|Any CPU.ActiveCfg = Release|Any CPU
		{BB53F80F-0F26-459C-A794-3E83AB5B25BC}.Release|Any CPU.Build.0 = Release|Any CPU
		{11665B66-E657-402A-9511-06F9CDAE0B40}.Debug|Any CPU.ActiveCfg = Debug|Any CPU
		{11665B66-E657-402A-9511-06F9CDAE0B40}.Debug|Any CPU.Build.0 = Debug|Any CPU
		{11665B66-E657-402A-9511-06F9CDAE0B40}.Release|Any CPU.ActiveCfg = Release|Any CPU
		{11665B66-E657-402A-9511-06F9CDAE0B40}.Release|Any CPU.Build.0 = Release|Any CPU
		{38E6BC8B-7051-462B-9FD4-6DFC195FC0C2}.Debug|Any CPU.ActiveCfg = Debug|Any CPU
		{38E6BC8B-7051-462B-9FD4-6DFC195FC0C2}.Debug|Any CPU.Build.0 = Debug|Any CPU
		{38E6BC8B-7051-462B-9FD4-6DFC195FC0C2}.Release|Any CPU.ActiveCfg = Release|Any CPU
		{38E6BC8B-7051-462B-9FD4-6DFC195FC0C2}.Release|Any CPU.Build.0 = Release|Any CPU
		{2BDE26CA-3D66-4BD3-8E11-FC72A81A9E0D}.Debug|Any CPU.ActiveCfg = Debug|Any CPU
		{2BDE26CA-3D66-4BD3-8E11-FC72A81A9E0D}.Debug|Any CPU.Build.0 = Debug|Any CPU
		{2BDE26CA-3D66-4BD3-8E11-FC72A81A9E0D}.Release|Any CPU.ActiveCfg = Release|Any CPU
		{2BDE26CA-3D66-4BD3-8E11-FC72A81A9E0D}.Release|Any CPU.Build.0 = Release|Any CPU
	EndGlobalSection
	GlobalSection(SolutionProperties) = preSolution
		HideSolutionNode = FALSE
	EndGlobalSection
	GlobalSection(NestedProjects) = preSolution
		{F2093407-40DF-4061-AE5F-BA9D24827102} = {77F1D1C9-6A3B-4EF1-9415-4D11F9FDBB8F}
		{26499EF4-C425-496D-92A8-E83F260FFED8} = {5A0E4CE4-278C-4299-8DB8-A841EC6566C4}
		{ADF83027-D15A-4F9C-A5C8-2A9172DFFD01} = {E06154AF-36A7-4078-A5EC-8D17DEB98C26}
		{B312E924-40AC-485C-808E-5B945D4B625B} = {AF6221A9-2A5B-43AD-8000-4A2A675606C8}
		{6D95F025-CE8D-497F-A9BF-53C3CF4065F8} = {53AF2C0A-45C5-4814-9493-56A2B0419EAE}
		{C4CB1634-7A45-4018-A8D0-7536F7F3697E} = {7872EC8B-C798-490D-8271-6BE193DA9EB9}
		{3F3B1D11-AC29-437D-B2F7-051ECAACF3F0} = {50C945BA-3378-474B-AEE3-595C1FD0E537}
		{BB01596F-6D9F-4A81-BFA4-40A5A4AC479B} = {5A0E4CE4-278C-4299-8DB8-A841EC6566C4}
		{7EC9BCF0-C2CF-4ABE-9BAE-D1818EBB9309} = {5A0E4CE4-278C-4299-8DB8-A841EC6566C4}
		{1BF68FCC-3AB7-4B8B-9C44-019238868A0A} = {5A0E4CE4-278C-4299-8DB8-A841EC6566C4}
		{B9A5C61D-938C-4AB8-9905-16D6C26D3E3A} = {5A0E4CE4-278C-4299-8DB8-A841EC6566C4}
		{F45E5B95-EB58-464A-9F77-E1E4804D6748} = {E06154AF-36A7-4078-A5EC-8D17DEB98C26}
		{C21F1C70-3462-4FD4-8860-0D934C0F6B55} = {E06154AF-36A7-4078-A5EC-8D17DEB98C26}
		{F1BC3355-5A87-4DD5-8E3F-4F70A40B76D0} = {AF6221A9-2A5B-43AD-8000-4A2A675606C8}
		{14588E60-DA35-4335-BEEB-2915DB0DA52B} = {AF6221A9-2A5B-43AD-8000-4A2A675606C8}
		{214FF223-14EC-4C76-B8D1-913591B9CE0B} = {53AF2C0A-45C5-4814-9493-56A2B0419EAE}
		{247BE292-0473-4C74-9B6A-B9C4D320FD29} = {53AF2C0A-45C5-4814-9493-56A2B0419EAE}
		{0BC59ED9-6752-4602-AD9F-7C52C4BB2D34} = {53AF2C0A-45C5-4814-9493-56A2B0419EAE}
		{BDDC8793-068B-49A9-B7CB-97DC70E14131} = {53AF2C0A-45C5-4814-9493-56A2B0419EAE}
		{5FB4FF9B-5D9A-45B8-B2E9-61935EC1BC49} = {7872EC8B-C798-490D-8271-6BE193DA9EB9}
		{D0237097-2354-45C4-BA3C-CB0063189BDD} = {7872EC8B-C798-490D-8271-6BE193DA9EB9}
		{B00BDBB8-850A-463F-9C87-512FDC10903B} = {50C945BA-3378-474B-AEE3-595C1FD0E537}
		{BB53F80F-0F26-459C-A794-3E83AB5B25BC} = {50C945BA-3378-474B-AEE3-595C1FD0E537}
		{11665B66-E657-402A-9511-06F9CDAE0B40} = {B45FAE29-69E7-4EA0-8B35-04B7D4215F84}
		{38E6BC8B-7051-462B-9FD4-6DFC195FC0C2} = {03ED4196-3DEA-4E2E-8DD5-135DFD594B89}
		{2BDE26CA-3D66-4BD3-8E11-FC72A81A9E0D} = {BB2BA45C-4CBB-4A3C-B74F-3F9CD784DE81}
	EndGlobalSection
	GlobalSection(ExtensibilityGlobals) = postSolution
		SolutionGuid = {55301838-27E2-4395-ADB8-BFC4C2FA3536}
	EndGlobalSection
EndGlobal
