
Microsoft Visual Studio Solution File, Format Version 12.00
# Visual Studio Version 17
VisualStudioVersion = 17.4.33205.214
MinimumVisualStudioVersion = 10.0.40219.1
Project("{2150E333-8FDC-42A3-9474-1A3956D46DE8}") = "01 Kintamieji", "01 Kintamieji", "{77F1D1C9-6A3B-4EF1-9415-4D11F9FDBB8F}"
EndProject
Project("{2150E333-8FDC-42A3-9474-1A3956D46DE8}") = "02 Isvedimas", "02 Isvedimas", "{5A0E4CE4-278C-4299-8DB8-A841EC6566C4}"
EndProject
Project("{FAE04EC0-301F-11D3-BF4B-00C04F79EFBC}") = "DemoKintamieji", "DemoKintamieji\DemoKintamieji.csproj", "{F2093407-40DF-4061-AE5F-BA9D24827102}"
EndProject
Global
	GlobalSection(SolutionConfigurationPlatforms) = preSolution
		Debug|Any CPU = Debug|Any CPU
		Release|Any CPU = Release|Any CPU
	EndGlobalSection
	GlobalSection(ProjectConfigurationPlatforms) = postSolution
		{F2093407-40DF-4061-AE5F-BA9D24827102}.Debug|Any CPU.ActiveCfg = Debug|Any CPU
		{F2093407-40DF-4061-AE5F-BA9D24827102}.Debug|Any CPU.Build.0 = Debug|Any CPU
		{F2093407-40DF-4061-AE5F-BA9D24827102}.Release|Any CPU.ActiveCfg = Release|Any CPU
		{F2093407-40DF-4061-AE5F-BA9D24827102}.Release|Any CPU.Build.0 = Release|Any CPU
	EndGlobalSection
	GlobalSection(SolutionProperties) = preSolution
		HideSolutionNode = FALSE
	EndGlobalSection
	GlobalSection(NestedProjects) = preSolution
		{F2093407-40DF-4061-AE5F-BA9D24827102} = {77F1D1C9-6A3B-4EF1-9415-4D11F9FDBB8F}
	EndGlobalSection
	GlobalSection(ExtensibilityGlobals) = postSolution
		SolutionGuid = {55301838-27E2-4395-ADB8-BFC4C2FA3536}
	EndGlobalSection
EndGlobal
