
Microsoft Visual Studio Solution File, Format Version 12.00
# Visual Studio Version 17
VisualStudioVersion = 17.4.33205.214
MinimumVisualStudioVersion = 10.0.40219.1
Project("{2150E333-8FDC-42A3-9474-1A3956D46DE8}") = "01 Kintamieji", "01 Kintamieji", "{77F1D1C9-6A3B-4EF1-9415-4D11F9FDBB8F}"
EndProject
Project("{2150E333-8FDC-42A3-9474-1A3956D46DE8}") = "02 Isvedimas", "02 Isvedimas", "{5A0E4CE4-278C-4299-8DB8-A841EC6566C4}"
EndProject
Project("{FAE04EC0-301F-11D3-BF4B-00C04F79EFBC}") = "DemoKintamieji", "DemoKintamieji\DemoKintamieji.csproj", "{F2093407-40DF-4061-AE5F-BA9D24827102}"
EndProject
Project("{FAE04EC0-301F-11D3-BF4B-00C04F79EFBC}") = "DemoIsvedimas", "DemoIsvedimas\DemoIsvedimas.csproj", "{26499EF4-C425-496D-92A8-E83F260FFED8}"
EndProject
Project("{2150E333-8FDC-42A3-9474-1A3956D46DE8}") = "03 Aritmetiniai Veiksmai", "03 Aritmetiniai Veiksmai", "{E06154AF-36A7-4078-A5EC-8D17DEB98C26}"
EndProject
Project("{FAE04EC0-301F-11D3-BF4B-00C04F79EFBC}") = "DemoAritmetiniaiVeiksmai", "DemoAritmetiniaiVeiksmai\DemoAritmetiniaiVeiksmai.csproj", "{ADF83027-D15A-4F9C-A5C8-2A9172DFFD01}"
EndProject
Project("{2150E333-8FDC-42A3-9474-1A3956D46DE8}") = "04 Ivedimas", "04 Ivedimas", "{AF6221A9-2A5B-43AD-8000-4A2A675606C8}"
EndProject
Project("{FAE04EC0-301F-11D3-BF4B-00C04F79EFBC}") = "DemoIvedimas", "DemoIvedimas\DemoIvedimas.csproj", "{B312E924-40AC-485C-808E-5B945D4B625B}"
EndProject
Project("{2150E333-8FDC-42A3-9474-1A3956D46DE8}") = "05 If Salyga", "05 If Salyga", "{53AF2C0A-45C5-4814-9493-56A2B0419EAE}"
EndProject
Project("{FAE04EC0-301F-11D3-BF4B-00C04F79EFBC}") = "DemoIfSalyga", "DemoIfSalyga\DemoIfSalyga.csproj", "{6D95F025-CE8D-497F-A9BF-53C3CF4065F8}"
EndProject
Project("{2150E333-8FDC-42A3-9474-1A3956D46DE8}") = "06 Switch Sąlyga", "06 Switch Sąlyga", "{7872EC8B-C798-490D-8271-6BE193DA9EB9}"
EndProject
Project("{FAE04EC0-301F-11D3-BF4B-00C04F79EFBC}") = "DemoSwitch", "DemoSwitch\DemoSwitch.csproj", "{C4CB1634-7A45-4018-A8D0-7536F7F3697E}"
EndProject
Global
	GlobalSection(SolutionConfigurationPlatforms) = preSolution
		Debug|Any CPU = Debug|Any CPU
		Release|Any CPU = Release|Any CPU
	EndGlobalSection
	GlobalSection(ProjectConfigurationPlatforms) = postSolution
		{F2093407-40DF-4061-AE5F-BA9D24827102}.Debug|Any CPU.ActiveCfg = Debug|Any CPU
		{F2093407-40DF-4061-AE5F-BA9D24827102}.Debug|Any CPU.Build.0 = Debug|Any CPU
		{F2093407-40DF-4061-AE5F-BA9D24827102}.Release|Any CPU.ActiveCfg = Release|Any CPU
		{F2093407-40DF-4061-AE5F-BA9D24827102}.Release|Any CPU.Build.0 = Release|Any CPU
		{26499EF4-C425-496D-92A8-E83F260FFED8}.Debug|Any CPU.ActiveCfg = Debug|Any CPU
		{26499EF4-C425-496D-92A8-E83F260FFED8}.Debug|Any CPU.Build.0 = Debug|Any CPU
		{26499EF4-C425-496D-92A8-E83F260FFED8}.Release|Any CPU.ActiveCfg = Release|Any CPU
		{26499EF4-C425-496D-92A8-E83F260FFED8}.Release|Any CPU.Build.0 = Release|Any CPU
		{ADF83027-D15A-4F9C-A5C8-2A9172DFFD01}.Debug|Any CPU.ActiveCfg = Debug|Any CPU
		{ADF83027-D15A-4F9C-A5C8-2A9172DFFD01}.Debug|Any CPU.Build.0 = Debug|Any CPU
		{ADF83027-D15A-4F9C-A5C8-2A9172DFFD01}.Release|Any CPU.ActiveCfg = Release|Any CPU
		{ADF83027-D15A-4F9C-A5C8-2A9172DFFD01}.Release|Any CPU.Build.0 = Release|Any CPU
		{B312E924-40AC-485C-808E-5B945D4B625B}.Debug|Any CPU.ActiveCfg = Debug|Any CPU
		{B312E924-40AC-485C-808E-5B945D4B625B}.Debug|Any CPU.Build.0 = Debug|Any CPU
		{B312E924-40AC-485C-808E-5B945D4B625B}.Release|Any CPU.ActiveCfg = Release|Any CPU
		{B312E924-40AC-485C-808E-5B945D4B625B}.Release|Any CPU.Build.0 = Release|Any CPU
		{6D95F025-CE8D-497F-A9BF-53C3CF4065F8}.Debug|Any CPU.ActiveCfg = Debug|Any CPU
		{6D95F025-CE8D-497F-A9BF-53C3CF4065F8}.Debug|Any CPU.Build.0 = Debug|Any CPU
		{6D95F025-CE8D-497F-A9BF-53C3CF4065F8}.Release|Any CPU.ActiveCfg = Release|Any CPU
		{6D95F025-CE8D-497F-A9BF-53C3CF4065F8}.Release|Any CPU.Build.0 = Release|Any CPU
		{C4CB1634-7A45-4018-A8D0-7536F7F3697E}.Debug|Any CPU.ActiveCfg = Debug|Any CPU
		{C4CB1634-7A45-4018-A8D0-7536F7F3697E}.Debug|Any CPU.Build.0 = Debug|Any CPU
		{C4CB1634-7A45-4018-A8D0-7536F7F3697E}.Release|Any CPU.ActiveCfg = Release|Any CPU
		{C4CB1634-7A45-4018-A8D0-7536F7F3697E}.Release|Any CPU.Build.0 = Release|Any CPU
	EndGlobalSection
	GlobalSection(SolutionProperties) = preSolution
		HideSolutionNode = FALSE
	EndGlobalSection
	GlobalSection(NestedProjects) = preSolution
		{F2093407-40DF-4061-AE5F-BA9D24827102} = {77F1D1C9-6A3B-4EF1-9415-4D11F9FDBB8F}
		{26499EF4-C425-496D-92A8-E83F260FFED8} = {5A0E4CE4-278C-4299-8DB8-A841EC6566C4}
		{ADF83027-D15A-4F9C-A5C8-2A9172DFFD01} = {E06154AF-36A7-4078-A5EC-8D17DEB98C26}
		{B312E924-40AC-485C-808E-5B945D4B625B} = {AF6221A9-2A5B-43AD-8000-4A2A675606C8}
		{6D95F025-CE8D-497F-A9BF-53C3CF4065F8} = {53AF2C0A-45C5-4814-9493-56A2B0419EAE}
		{C4CB1634-7A45-4018-A8D0-7536F7F3697E} = {7872EC8B-C798-490D-8271-6BE193DA9EB9}
	EndGlobalSection
	GlobalSection(ExtensibilityGlobals) = postSolution
		SolutionGuid = {55301838-27E2-4395-ADB8-BFC4C2FA3536}
	EndGlobalSection
EndGlobal
